{
  "requires": true,
  "lockfileVersion": 1,
  "dependencies": {
    "btk": {
      "version": "2.0.1",
      "resolved": "https://registry.npmjs.org/btk/-/btk-2.0.1.tgz",
      "integrity": "sha512-qirPYVGM0zvFPNDEkVpVGt1voof6oXAwcQPkikESpV3RradsdXCD0LBeon9pncDpKtxXWAhAInoWN/W2ahn/1Q=="
    }
  }
}
